{
    "_meta": {
        "hash": {
            "sha256": "90596156a7dacc8c599ea20394fc8c1e0357de33c6a9a333daed21f14ef471fd"
        },
        "pipfile-spec": 6,
        "requires": {
            "python_version": "3.10"
        },
        "sources": [
            {
                "name": "pypi",
                "url": "https://pypi.python.org/simple",
                "verify_ssl": true
            }
        ]
    },
    "default": {
        "asgiref": {
            "hashes": [
                "sha256:2f8abc20f7248433085eda803936d98992f1343ddb022065779f37c5da0181d0",
                "sha256:88d59c13d634dcffe0510be048210188edd79aeccb6a6c9028cdad6f31d730a9"
            ],
            "markers": "python_version >= '3.7'",
            "version": "==3.5.0"
        },
        "async-timeout": {
            "hashes": [
                "sha256:2163e1640ddb52b7a8c80d0a67a08587e5d245cc9c553a74a847056bc2976b15",
                "sha256:8ca1e4fcf50d07413d66d1a5e416e42cfdf5851c981d679a09851a6853383b3c"
            ],
            "markers": "python_version >= '3.6'",
            "version": "==4.0.2"
        },
        "deprecated": {
            "hashes": [
                "sha256:43ac5335da90c31c24ba028af536a91d41d53f9e6901ddb021bcc572ce44e38d",
                "sha256:64756e3e14c8c5eea9795d93c524551432a0be75629f8f29e67ab8caf076c76d"
            ],
            "markers": "python_version >= '2.7' and python_version not in '3.0, 3.1, 3.2, 3.3'",
            "version": "==1.2.13"
        },
        "django": {
            "hashes": [
                "sha256:1239218849e922033a35d2a2f777cb8bee18bd725416744074f455f34ff50d0c",
                "sha256:77ff2e7050e3324c9b67e29b6707754566f58514112a9ac73310f60cd5261930"
            ],
            "index": "pypi",
            "version": "==4.0.3"
        },
        "gunicorn": {
            "hashes": [
                "sha256:9dcc4547dbb1cb284accfb15ab5667a0e5d1881cc443e0677b4882a4067a807e",
                "sha256:e0a968b5ba15f8a328fdfd7ab1fcb5af4470c28aaf7e55df02a99bc13138e6e8"
            ],
            "index": "pypi",
            "version": "==20.1.0"
        },
        "hiredis": {
            "hashes": [
                "sha256:04026461eae67fdefa1949b7332e488224eac9e8f2b5c58c98b54d29af22093e",
                "sha256:04927a4c651a0e9ec11c68e4427d917e44ff101f761cd3b5bc76f86aaa431d27",
                "sha256:07bbf9bdcb82239f319b1f09e8ef4bdfaec50ed7d7ea51a56438f39193271163",
                "sha256:09004096e953d7ebd508cded79f6b21e05dff5d7361771f59269425108e703bc",
                "sha256:0adea425b764a08270820531ec2218d0508f8ae15a448568109ffcae050fee26",
                "sha256:0b39ec237459922c6544d071cdcf92cbb5bc6685a30e7c6d985d8a3e3a75326e",
                "sha256:0d5109337e1db373a892fdcf78eb145ffb6bbd66bb51989ec36117b9f7f9b579",
                "sha256:0f41827028901814c709e744060843c77e78a3aca1e0d6875d2562372fcb405a",
                "sha256:11d119507bb54e81f375e638225a2c057dda748f2b1deef05c2b1a5d42686048",
                "sha256:1233e303645f468e399ec906b6b48ab7cd8391aae2d08daadbb5cad6ace4bd87",
                "sha256:139705ce59d94eef2ceae9fd2ad58710b02aee91e7fa0ccb485665ca0ecbec63",
                "sha256:1f03d4dadd595f7a69a75709bc81902673fa31964c75f93af74feac2f134cc54",
                "sha256:240ce6dc19835971f38caf94b5738092cb1e641f8150a9ef9251b7825506cb05",
                "sha256:294a6697dfa41a8cba4c365dd3715abc54d29a86a40ec6405d677ca853307cfb",
                "sha256:3d55e36715ff06cdc0ab62f9591607c4324297b6b6ce5b58cb9928b3defe30ea",
                "sha256:3dddf681284fe16d047d3ad37415b2e9ccdc6c8986c8062dbe51ab9a358b50a5",
                "sha256:3f5f7e3a4ab824e3de1e1700f05ad76ee465f5f11f5db61c4b297ec29e692b2e",
                "sha256:508999bec4422e646b05c95c598b64bdbef1edf0d2b715450a078ba21b385bcc",
                "sha256:5d2a48c80cf5a338d58aae3c16872f4d452345e18350143b3bf7216d33ba7b99",
                "sha256:5dc7a94bb11096bc4bffd41a3c4f2b958257085c01522aa81140c68b8bf1630a",
                "sha256:65d653df249a2f95673976e4e9dd7ce10de61cfc6e64fa7eeaa6891a9559c581",
                "sha256:7492af15f71f75ee93d2a618ca53fea8be85e7b625e323315169977fae752426",
                "sha256:7f0055f1809b911ab347a25d786deff5e10e9cf083c3c3fd2dd04e8612e8d9db",
                "sha256:807b3096205c7cec861c8803a6738e33ed86c9aae76cac0e19454245a6bbbc0a",
                "sha256:81d6d8e39695f2c37954d1011c0480ef7cf444d4e3ae24bc5e89ee5de360139a",
                "sha256:87c7c10d186f1743a8fd6a971ab6525d60abd5d5d200f31e073cd5e94d7e7a9d",
                "sha256:8b42c0dc927b8d7c0eb59f97e6e34408e53bc489f9f90e66e568f329bff3e443",
                "sha256:a00514362df15af041cc06e97aebabf2895e0a7c42c83c21894be12b84402d79",
                "sha256:a39efc3ade8c1fb27c097fd112baf09d7fd70b8cb10ef1de4da6efbe066d381d",
                "sha256:a4ee8000454ad4486fb9f28b0cab7fa1cd796fc36d639882d0b34109b5b3aec9",
                "sha256:a7928283143a401e72a4fad43ecc85b35c27ae699cf5d54d39e1e72d97460e1d",
                "sha256:adf4dd19d8875ac147bf926c727215a0faf21490b22c053db464e0bf0deb0485",
                "sha256:ae8427a5e9062ba66fc2c62fb19a72276cf12c780e8db2b0956ea909c48acff5",
                "sha256:b4c8b0bc5841e578d5fb32a16e0c305359b987b850a06964bd5a62739d688048",
                "sha256:b84f29971f0ad4adaee391c6364e6f780d5aae7e9226d41964b26b49376071d0",
                "sha256:c39c46d9e44447181cd502a35aad2bb178dbf1b1f86cf4db639d7b9614f837c6",
                "sha256:cb2126603091902767d96bcb74093bd8b14982f41809f85c9b96e519c7e1dc41",
                "sha256:dcef843f8de4e2ff5e35e96ec2a4abbdf403bd0f732ead127bd27e51f38ac298",
                "sha256:e3447d9e074abf0e3cd85aef8131e01ab93f9f0e86654db7ac8a3f73c63706ce",
                "sha256:f52010e0a44e3d8530437e7da38d11fb822acfb0d5b12e9cd5ba655509937ca0",
                "sha256:f8196f739092a78e4f6b1b2172679ed3343c39c61a3e9d722ce6fcf1dac2824a"
            ],
            "index": "pypi",
            "version": "==2.0.0"
        },
        "packaging": {
            "hashes": [
                "sha256:dd47c42927d89ab911e606518907cc2d3a1f38bbd026385970643f9c5b8ecfeb",
                "sha256:ef103e05f519cdc783ae24ea4e2e0f508a9c99b2d4969652eed6a2e1ea5bd522"
            ],
            "markers": "python_version >= '3.6'",
            "version": "==21.3"
        },
        "psycopg2": {
            "hashes": [
                "sha256:06f32425949bd5fe8f625c49f17ebb9784e1e4fe928b7cce72edc36fb68e4c0c",
                "sha256:0762c27d018edbcb2d34d51596e4346c983bd27c330218c56c4dc25ef7e819bf",
                "sha256:083707a696e5e1c330af2508d8fab36f9700b26621ccbcb538abe22e15485362",
                "sha256:34b33e0162cfcaad151f249c2649fd1030010c16f4bbc40a604c1cb77173dcf7",
                "sha256:4295093a6ae3434d33ec6baab4ca5512a5082cc43c0505293087b8a46d108461",
                "sha256:8cf3878353cc04b053822896bc4922b194792df9df2f1ad8da01fb3043602126",
                "sha256:8e841d1bf3434da985cc5ef13e6f75c8981ced601fd70cc6bf33351b91562981",
                "sha256:9572e08b50aed176ef6d66f15a21d823bb6f6d23152d35e8451d7d2d18fdac56",
                "sha256:a81e3866f99382dfe8c15a151f1ca5fde5815fde879348fe5a9884a7c092a305",
                "sha256:cb10d44e6694d763fa1078a26f7f6137d69f555a78ec85dc2ef716c37447e4b2",
                "sha256:d3ca6421b942f60c008f81a3541e8faf6865a28d5a9b48544b0ee4f40cac7fca"
            ],
            "index": "pypi",
            "version": "==2.9.3"
        },
        "pyparsing": {
            "hashes": [
                "sha256:18ee9022775d270c55187733956460083db60b37d0d0fb357445f3094eed3eea",
                "sha256:a6c06a88f252e6c322f65faf8f418b16213b51bdfaece0524c1c1bc30c63c484"
            ],
            "markers": "python_version >= '3.6'",
            "version": "==3.0.7"
        },
        "redis": {
            "hashes": [
                "sha256:3cbe235cea80b9c9991b397567aa2d65eb4e6fb09787f61d227ae82eb4eb50b4",
                "sha256:6758d01dec81af191b98a35cce3402675d115456584c39b500ab485a5e386bbb"
            ],
            "index": "pypi",
            "version": "==4.2.0"
        },
        "setuptools": {
            "hashes": [
                "sha256:63b73d83c4d419d9dd992978cf369af5b6efa06236a4a1397b9bdf3ecadb0453",
                "sha256:9bc2671450c57d9e4885e7dcdc552e3b107b80a5a8f8b1a1df7d06f52db194be"
            ],
            "markers": "python_version >= '3.7'",
            "version": "==61.1.0"
        },
        "sqlparse": {
            "hashes": [
                "sha256:0c00730c74263a94e5a9919ade150dfc3b19c574389985446148402998287dae",
                "sha256:48719e356bb8b42991bdbb1e8b83223757b93789c00910a616a071910ca4a64d"
            ],
            "markers": "python_version >= '3.5'",
            "version": "==0.4.2"
        },
        "typing-extensions": {
            "hashes": [
                "sha256:1a9462dcc3347a79b1f1c0271fbe79e844580bb598bafa1ed208b94da3cdcd42",
                "sha256:21c85e0fe4b9a155d0799430b0ad741cdce7e359660ccbd8b530613e8df88ce2"
            ],
            "markers": "python_version >= '3.6'",
            "version": "==4.1.1"
        },
        "wrapt": {
            "hashes": [
                "sha256:00108411e0f34c52ce16f81f1d308a571df7784932cc7491d1e94be2ee93374b",
                "sha256:01f799def9b96a8ec1ef6b9c1bbaf2bbc859b87545efbecc4a78faea13d0e3a0",
                "sha256:09d16ae7a13cff43660155383a2372b4aa09109c7127aa3f24c3cf99b891c330",
                "sha256:14e7e2c5f5fca67e9a6d5f753d21f138398cad2b1159913ec9e9a67745f09ba3",
                "sha256:167e4793dc987f77fd476862d32fa404d42b71f6a85d3b38cbce711dba5e6b68",
                "sha256:1807054aa7b61ad8d8103b3b30c9764de2e9d0c0978e9d3fc337e4e74bf25faa",
                "sha256:1f83e9c21cd5275991076b2ba1cd35418af3504667affb4745b48937e214bafe",
                "sha256:21b1106bff6ece8cb203ef45b4f5778d7226c941c83aaaa1e1f0f4f32cc148cd",
                "sha256:22626dca56fd7f55a0733e604f1027277eb0f4f3d95ff28f15d27ac25a45f71b",
                "sha256:23f96134a3aa24cc50614920cc087e22f87439053d886e474638c68c8d15dc80",
                "sha256:2498762814dd7dd2a1d0248eda2afbc3dd9c11537bc8200a4b21789b6df6cd38",
                "sha256:28c659878f684365d53cf59dc9a1929ea2eecd7ac65da762be8b1ba193f7e84f",
                "sha256:2eca15d6b947cfff51ed76b2d60fd172c6ecd418ddab1c5126032d27f74bc350",
                "sha256:354d9fc6b1e44750e2a67b4b108841f5f5ea08853453ecbf44c81fdc2e0d50bd",
                "sha256:36a76a7527df8583112b24adc01748cd51a2d14e905b337a6fefa8b96fc708fb",
                "sha256:3a0a4ca02752ced5f37498827e49c414d694ad7cf451ee850e3ff160f2bee9d3",
                "sha256:3a71dbd792cc7a3d772ef8cd08d3048593f13d6f40a11f3427c000cf0a5b36a0",
                "sha256:3a88254881e8a8c4784ecc9cb2249ff757fd94b911d5df9a5984961b96113fff",
                "sha256:47045ed35481e857918ae78b54891fac0c1d197f22c95778e66302668309336c",
                "sha256:4775a574e9d84e0212f5b18886cace049a42e13e12009bb0491562a48bb2b758",
                "sha256:493da1f8b1bb8a623c16552fb4a1e164c0200447eb83d3f68b44315ead3f9036",
                "sha256:4b847029e2d5e11fd536c9ac3136ddc3f54bc9488a75ef7d040a3900406a91eb",
                "sha256:59d7d92cee84a547d91267f0fea381c363121d70fe90b12cd88241bd9b0e1763",
                "sha256:5a0898a640559dec00f3614ffb11d97a2666ee9a2a6bad1259c9facd01a1d4d9",
                "sha256:5a9a1889cc01ed2ed5f34574c90745fab1dd06ec2eee663e8ebeefe363e8efd7",
                "sha256:5b835b86bd5a1bdbe257d610eecab07bf685b1af2a7563093e0e69180c1d4af1",
                "sha256:5f24ca7953f2643d59a9c87d6e272d8adddd4a53bb62b9208f36db408d7aafc7",
                "sha256:61e1a064906ccba038aa3c4a5a82f6199749efbbb3cef0804ae5c37f550eded0",
                "sha256:65bf3eb34721bf18b5a021a1ad7aa05947a1767d1aa272b725728014475ea7d5",
                "sha256:6807bcee549a8cb2f38f73f469703a1d8d5d990815c3004f21ddb68a567385ce",
                "sha256:68aeefac31c1f73949662ba8affaf9950b9938b712fb9d428fa2a07e40ee57f8",
                "sha256:6915682f9a9bc4cf2908e83caf5895a685da1fbd20b6d485dafb8e218a338279",
                "sha256:6d9810d4f697d58fd66039ab959e6d37e63ab377008ef1d63904df25956c7db0",
                "sha256:729d5e96566f44fccac6c4447ec2332636b4fe273f03da128fff8d5559782b06",
                "sha256:748df39ed634851350efa87690c2237a678ed794fe9ede3f0d79f071ee042561",
                "sha256:763a73ab377390e2af26042f685a26787c402390f682443727b847e9496e4a2a",
                "sha256:8323a43bd9c91f62bb7d4be74cc9ff10090e7ef820e27bfe8815c57e68261311",
                "sha256:8529b07b49b2d89d6917cfa157d3ea1dfb4d319d51e23030664a827fe5fd2131",
                "sha256:87fa943e8bbe40c8c1ba4086971a6fefbf75e9991217c55ed1bcb2f1985bd3d4",
                "sha256:88236b90dda77f0394f878324cfbae05ae6fde8a84d548cfe73a75278d760291",
                "sha256:891c353e95bb11abb548ca95c8b98050f3620a7378332eb90d6acdef35b401d4",
                "sha256:89ba3d548ee1e6291a20f3c7380c92f71e358ce8b9e48161401e087e0bc740f8",
                "sha256:8c6be72eac3c14baa473620e04f74186c5d8f45d80f8f2b4eda6e1d18af808e8",
                "sha256:9a242871b3d8eecc56d350e5e03ea1854de47b17f040446da0e47dc3e0b9ad4d",
                "sha256:9a3ff5fb015f6feb78340143584d9f8a0b91b6293d6b5cf4295b3e95d179b88c",
                "sha256:9a5a544861b21e0e7575b6023adebe7a8c6321127bb1d238eb40d99803a0e8bd",
                "sha256:9d57677238a0c5411c76097b8b93bdebb02eb845814c90f0b01727527a179e4d",
                "sha256:9d8c68c4145041b4eeae96239802cfdfd9ef927754a5be3f50505f09f309d8c6",
                "sha256:9d9fcd06c952efa4b6b95f3d788a819b7f33d11bea377be6b8980c95e7d10775",
                "sha256:a0057b5435a65b933cbf5d859cd4956624df37b8bf0917c71756e4b3d9958b9e",
                "sha256:a65bffd24409454b889af33b6c49d0d9bcd1a219b972fba975ac935f17bdf627",
                "sha256:b0ed6ad6c9640671689c2dbe6244680fe8b897c08fd1fab2228429b66c518e5e",
                "sha256:b21650fa6907e523869e0396c5bd591cc326e5c1dd594dcdccac089561cacfb8",
                "sha256:b3f7e671fb19734c872566e57ce7fc235fa953d7c181bb4ef138e17d607dc8a1",
                "sha256:b77159d9862374da213f741af0c361720200ab7ad21b9f12556e0eb95912cd48",
                "sha256:bb36fbb48b22985d13a6b496ea5fb9bb2a076fea943831643836c9f6febbcfdc",
                "sha256:d066ffc5ed0be00cd0352c95800a519cf9e4b5dd34a028d301bdc7177c72daf3",
                "sha256:d332eecf307fca852d02b63f35a7872de32d5ba8b4ec32da82f45df986b39ff6",
                "sha256:d808a5a5411982a09fef6b49aac62986274ab050e9d3e9817ad65b2791ed1425",
                "sha256:d9bdfa74d369256e4218000a629978590fd7cb6cf6893251dad13d051090436d",
                "sha256:db6a0ddc1282ceb9032e41853e659c9b638789be38e5b8ad7498caac00231c23",
                "sha256:debaf04f813ada978d7d16c7dfa16f3c9c2ec9adf4656efdc4defdf841fc2f0c",
                "sha256:f0408e2dbad9e82b4c960274214af533f856a199c9274bd4aff55d4634dedc33",
                "sha256:f2f3bc7cd9c9fcd39143f11342eb5963317bd54ecc98e3650ca22704b69d9653"
            ],
            "markers": "python_version >= '2.7' and python_version not in '3.0, 3.1, 3.2, 3.3, 3.4'",
            "version": "==1.14.0"
        }
    },
    "develop": {
        "black": {
            "hashes": [
                "sha256:07e5c049442d7ca1a2fc273c79d1aecbbf1bc858f62e8184abe1ad175c4f7cc2",
                "sha256:0e21e1f1efa65a50e3960edd068b6ae6d64ad6235bd8bfea116a03b21836af71",
                "sha256:1297c63b9e1b96a3d0da2d85d11cd9bf8664251fd69ddac068b98dc4f34f73b6",
                "sha256:228b5ae2c8e3d6227e4bde5920d2fc66cc3400fde7bcc74f480cb07ef0b570d5",
                "sha256:2d6f331c02f0f40aa51a22e479c8209d37fcd520c77721c034517d44eecf5912",
                "sha256:2ff96450d3ad9ea499fc4c60e425a1439c2120cbbc1ab959ff20f7c76ec7e866",
                "sha256:3524739d76b6b3ed1132422bf9d82123cd1705086723bc3e235ca39fd21c667d",
                "sha256:35944b7100af4a985abfcaa860b06af15590deb1f392f06c8683b4381e8eeaf0",
                "sha256:373922fc66676133ddc3e754e4509196a8c392fec3f5ca4486673e685a421321",
                "sha256:5fa1db02410b1924b6749c245ab38d30621564e658297484952f3d8a39fce7e8",
                "sha256:6f2f01381f91c1efb1451998bd65a129b3ed6f64f79663a55fe0e9b74a5f81fd",
                "sha256:742ce9af3086e5bd07e58c8feb09dbb2b047b7f566eb5f5bc63fd455814979f3",
                "sha256:7835fee5238fc0a0baf6c9268fb816b5f5cd9b8793423a75e8cd663c48d073ba",
                "sha256:8871fcb4b447206904932b54b567923e5be802b9b19b744fdff092bd2f3118d0",
                "sha256:a7c0192d35635f6fc1174be575cb7915e92e5dd629ee79fdaf0dcfa41a80afb5",
                "sha256:b1a5ed73ab4c482208d20434f700d514f66ffe2840f63a6252ecc43a9bc77e8a",
                "sha256:c8226f50b8c34a14608b848dc23a46e5d08397d009446353dad45e04af0c8e28",
                "sha256:ccad888050f5393f0d6029deea2a33e5ae371fd182a697313bdbd835d3edaf9c",
                "sha256:dae63f2dbf82882fa3b2a3c49c32bffe144970a573cd68d247af6560fc493ae1",
                "sha256:e2f69158a7d120fd641d1fa9a921d898e20d52e44a74a6fbbcc570a62a6bc8ab",
                "sha256:efbadd9b52c060a8fc3b9658744091cb33c31f830b3f074422ed27bad2b18e8f",
                "sha256:f5660feab44c2e3cb24b2419b998846cbb01c23c7fe645fee45087efa3da2d61",
                "sha256:fdb8754b453fb15fad3f72cd9cad3e16776f0964d67cf30ebcbf10327a3777a3"
            ],
            "index": "pypi",
            "version": "==22.1.0"
        },
        "click": {
            "hashes": [
                "sha256:6a7a62563bbfabfda3a38f3023a1db4a35978c0abd76f6c9605ecd6554d6d9b1",
                "sha256:8458d7b1287c5fb128c90e23381cf99dcde74beaf6c7ff6384ce84d6fe090adb"
            ],
            "markers": "python_version >= '3.6'",
            "version": "==8.0.4"
        },
        "flake8": {
            "hashes": [
                "sha256:479b1304f72536a55948cb40a32dce8bb0ffe3501e26eaf292c7e60eb5e0428d",
                "sha256:806e034dda44114815e23c16ef92f95c91e4c71100ff52813adf7132a6ad870d"
            ],
            "index": "pypi",
            "version": "==4.0.1"
        },
        "flake8-quotes": {
            "hashes": [
                "sha256:633adca6fb8a08131536af0d750b44d6985b9aba46f498871e21588c3e6f525a"
            ],
            "index": "pypi",
            "version": "==3.3.1"
        },
        "mccabe": {
            "hashes": [
                "sha256:ab8a6258860da4b6677da4bd2fe5dc2c659cff31b3ee4f7f5d64e79735b80d42",
                "sha256:dd8d182285a0fe56bace7f45b5e7d1a6ebcbf524e8f3bd87eb0f125271b8831f"
            ],
            "version": "==0.6.1"
        },
        "mypy": {
            "hashes": [
                "sha256:0e2dd88410937423fba18e57147dd07cd8381291b93d5b1984626f173a26543e",
                "sha256:10daab80bc40f84e3f087d896cdb53dc811a9f04eae4b3f95779c26edee89d16",
                "sha256:17e44649fec92e9f82102b48a3bf7b4a5510ad0cd22fa21a104826b5db4903e2",
                "sha256:1a0459c333f00e6a11cbf6b468b870c2b99a906cb72d6eadf3d1d95d38c9352c",
                "sha256:246e1aa127d5b78488a4a0594bd95f6d6fb9d63cf08a66dafbff8595d8891f67",
                "sha256:2b184db8c618c43c3a31b32ff00cd28195d39e9c24e7c3b401f3db7f6e5767f5",
                "sha256:2bc249409a7168d37c658e062e1ab5173300984a2dada2589638568ddc1db02b",
                "sha256:3841b5433ff936bff2f4dc8d54cf2cdbfea5d8e88cedfac45c161368e5770ba6",
                "sha256:4c3e497588afccfa4334a9986b56f703e75793133c4be3a02d06a3df16b67a58",
                "sha256:5bf44840fb43ac4074636fd47ee476d73f0039f4f54e86d7265077dc199be24d",
                "sha256:64235137edc16bee6f095aba73be5334677d6f6bdb7fa03cfab90164fa294a17",
                "sha256:6776e5fa22381cc761df53e7496a805801c1a751b27b99a9ff2f0ca848c7eca0",
                "sha256:6ce34a118d1a898f47def970a2042b8af6bdcc01546454726c7dd2171aa6dfca",
                "sha256:6f6ad963172152e112b87cc7ec103ba0f2db2f1cd8997237827c052a3903eaa6",
                "sha256:6f7106cbf9cc2f403693bf50ed7c9fa5bb3dfa9007b240db3c910929abe2a322",
                "sha256:7742d2c4e46bb5017b51c810283a6a389296cda03df805a4f7869a6f41246534",
                "sha256:9521c1265ccaaa1791d2c13582f06facf815f426cd8b07c3a485f486a8ffc1f3",
                "sha256:a1b383fe99678d7402754fe90448d4037f9512ce70c21f8aee3b8bf48ffc51db",
                "sha256:b840cfe89c4ab6386c40300689cd8645fc8d2d5f20101c7f8bd23d15fca14904",
                "sha256:d8d3ba77e56b84cd47a8ee45b62c84b6d80d32383928fe2548c9a124ea0a725c",
                "sha256:dcd955f36e0180258a96f880348fbca54ce092b40fbb4b37372ae3b25a0b0a46",
                "sha256:e865fec858d75b78b4d63266c9aff770ecb6a39dfb6d6b56c47f7f8aba6baba8",
                "sha256:edf7237137a1a9330046dbb14796963d734dd740a98d5e144a3eb1d267f5f9ee"
            ],
            "index": "pypi",
            "version": "==0.942"
        },
        "mypy-extensions": {
            "hashes": [
                "sha256:090fedd75945a69ae91ce1303b5824f428daf5a028d2f6ab8a299250a846f15d",
                "sha256:2d82818f5bb3e369420cb3c4060a7970edba416647068eb4c5343488a6c604a8"
            ],
            "version": "==0.4.3"
        },
        "pathspec": {
            "hashes": [
                "sha256:7d15c4ddb0b5c802d161efc417ec1a2558ea2653c2e8ad9c19098201dc1c993a",
                "sha256:e564499435a2673d586f6b2130bb5b95f04a3ba06f81b8f895b651a3c76aabb1"
            ],
            "version": "==0.9.0"
        },
        "platformdirs": {
            "hashes": [
                "sha256:7535e70dfa32e84d4b34996ea99c5e432fa29a708d0f4e394bbcb2a8faa4f16d",
                "sha256:bcae7cab893c2d310a711b70b24efb93334febe65f8de776ee320b517471e227"
            ],
            "markers": "python_version >= '3.7'",
            "version": "==2.5.1"
        },
        "pycodestyle": {
            "hashes": [
                "sha256:720f8b39dde8b293825e7ff02c475f3077124006db4f440dcbc9a20b76548a20",
                "sha256:eddd5847ef438ea1c7870ca7eb78a9d47ce0cdb4851a5523949f2601d0cbbe7f"
            ],
            "markers": "python_version >= '2.7' and python_version not in '3.0, 3.1, 3.2, 3.3, 3.4'",
            "version": "==2.8.0"
        },
        "pyflakes": {
            "hashes": [
                "sha256:05a85c2872edf37a4ed30b0cce2f6093e1d0581f8c19d7393122da7e25b2b24c",
                "sha256:3bb3a3f256f4b7968c9c788781e4ff07dce46bdf12339dcda61053375426ee2e"
            ],
            "markers": "python_version >= '2.7' and python_version not in '3.0, 3.1, 3.2, 3.3'",
            "version": "==2.4.0"
        },
        "tomli": {
            "hashes": [
                "sha256:939de3e7a6161af0c887ef91b7d41a53e7c5a1ca976325f429cb46ea9bc30ecc",
                "sha256:de526c12914f0c550d15924c62d72abc48d6fe7364aa87328337a31007fe8a4f"
            ],
            "markers": "python_version >= '3.7'",
            "version": "==2.0.1"
        },
        "typing-extensions": {
            "hashes": [
                "sha256:1a9462dcc3347a79b1f1c0271fbe79e844580bb598bafa1ed208b94da3cdcd42",
                "sha256:21c85e0fe4b9a155d0799430b0ad741cdce7e359660ccbd8b530613e8df88ce2"
            ],
            "markers": "python_version >= '3.6'",
            "version": "==4.1.1"
        }
    }
}
